
Microsoft Visual Studio Solution File, Format Version 12.00
# Visual Studio 15
VisualStudioVersion = 15.0.28307.1209
MinimumVisualStudioVersion = 10.0.40219.1
Project("{FAE04EC0-301F-11D3-BF4B-00C04F79EFBC}") = "Sah", "Sah\Sah.csproj", "{0EE3FBD9-ACCE-4356-A09B-71BE7B746577}"
EndProject
Global
	GlobalSection(SolutionConfigurationPlatforms) = preSolution
		Debug|Any CPU = Debug|Any CPU
		Release|Any CPU = Release|Any CPU
	EndGlobalSection
	GlobalSection(ProjectConfigurationPlatforms) = postSolution
		{0EE3FBD9-ACCE-4356-A09B-71BE7B746577}.Debug|Any CPU.ActiveCfg = Debug|Any CPU
		{0EE3FBD9-ACCE-4356-A09B-71BE7B746577}.Debug|Any CPU.Build.0 = Debug|Any CPU
		{0EE3FBD9-ACCE-4356-A09B-71BE7B746577}.Release|Any CPU.ActiveCfg = Release|Any CPU
		{0EE3FBD9-ACCE-4356-A09B-71BE7B746577}.Release|Any CPU.Build.0 = Release|Any CPU
	EndGlobalSection
	GlobalSection(SolutionProperties) = preSolution
		HideSolutionNode = FALSE
	EndGlobalSection
	GlobalSection(ExtensibilityGlobals) = postSolution
		SolutionGuid = {3A9E1EDB-88D4-4A04-AF8B-177FA70AB7EF}
	EndGlobalSection
EndGlobal
